
Microsoft Visual Studio Solution File, Format Version 12.00
# Visual Studio Version 17
VisualStudioVersion = 17.9.34701.34
MinimumVisualStudioVersion = 10.0.40219.1
Project("{FAE04EC0-301F-11D3-BF4B-00C04F79EFBC}") = "WindowsFormsApp_Pr_6.1", "WindowsFormsApp_Pr_6.1.csproj", "{FC386EA1-24D8-4DC6-BA01-F29D6AB57D13}"
EndProject
Global
	GlobalSection(SolutionConfigurationPlatforms) = preSolution
		Debug|Any CPU = Debug|Any CPU
		Release|Any CPU = Release|Any CPU
	EndGlobalSection
	GlobalSection(ProjectConfigurationPlatforms) = postSolution
		{FC386EA1-24D8-4DC6-BA01-F29D6AB57D13}.Debug|Any CPU.ActiveCfg = Debug|Any CPU
		{FC386EA1-24D8-4DC6-BA01-F29D6AB57D13}.Debug|Any CPU.Build.0 = Debug|Any CPU
		{FC386EA1-24D8-4DC6-BA01-F29D6AB57D13}.Release|Any CPU.ActiveCfg = Release|Any CPU
		{FC386EA1-24D8-4DC6-BA01-F29D6AB57D13}.Release|Any CPU.Build.0 = Release|Any CPU
	EndGlobalSection
	GlobalSection(SolutionProperties) = preSolution
		HideSolutionNode = FALSE
	EndGlobalSection
	GlobalSection(ExtensibilityGlobals) = postSolution
		SolutionGuid = {003E61C2-FF49-4CD5-A26D-22EFABD5B8BF}
	EndGlobalSection
EndGlobal
